
Microsoft Visual Studio Solution File, Format Version 12.00
# Visual Studio Version 17
VisualStudioVersion = 17.10.35013.160
MinimumVisualStudioVersion = 10.0.40219.1
Project("{FAE04EC0-301F-11D3-BF4B-00C04F79EFBC}") = "proj1Hangman", "proj1Hangman.csproj", "{BECE244A-D9CC-499F-B32D-9EF6FC6616EE}"
EndProject
Global
	GlobalSection(SolutionConfigurationPlatforms) = preSolution
		Debug|Any CPU = Debug|Any CPU
		Release|Any CPU = Release|Any CPU
	EndGlobalSection
	GlobalSection(ProjectConfigurationPlatforms) = postSolution
		{BECE244A-D9CC-499F-B32D-9EF6FC6616EE}.Debug|Any CPU.ActiveCfg = Debug|Any CPU
		{BECE244A-D9CC-499F-B32D-9EF6FC6616EE}.Debug|Any CPU.Build.0 = Debug|Any CPU
		{BECE244A-D9CC-499F-B32D-9EF6FC6616EE}.Release|Any CPU.ActiveCfg = Release|Any CPU
		{BECE244A-D9CC-499F-B32D-9EF6FC6616EE}.Release|Any CPU.Build.0 = Release|Any CPU
	EndGlobalSection
	GlobalSection(SolutionProperties) = preSolution
		HideSolutionNode = FALSE
	EndGlobalSection
	GlobalSection(ExtensibilityGlobals) = postSolution
		SolutionGuid = {AC60D8BC-9DD5-43A7-A6D9-BE9A922C4E22}
	EndGlobalSection
EndGlobal
